// !$*UTF8*$!
{
	archiveVersion = 1;
	classes = {
	};
	objectVersion = 50;
	objects = {

/* Begin PBXBuildFile section */
		CE4618BC2456F39800F10E2E /* AppDelegate.swift in Sources */ = {isa = PBXBuildFile; fileRef = CE4618BB2456F39800F10E2E /* AppDelegate.swift */; };
		CE4618BE2456F39800F10E2E /* SnakeGridView.swift in Sources */ = {isa = PBXBuildFile; fileRef = CE4618BD2456F39800F10E2E /* SnakeGridView.swift */; };
		CE4618C02456F39900F10E2E /* Assets.xcassets in Resources */ = {isa = PBXBuildFile; fileRef = CE4618BF2456F39900F10E2E /* Assets.xcassets */; };
		CE4618C32456F39900F10E2E /* Preview Assets.xcassets in Resources */ = {isa = PBXBuildFile; fileRef = CE4618C22456F39900F10E2E /* Preview Assets.xcassets */; };
		CE4618C62456F39900F10E2E /* Main.storyboard in Resources */ = {isa = PBXBuildFile; fileRef = CE4618C42456F39900F10E2E /* Main.storyboard */; };
		CE4618CF2456F46B00F10E2E /* Tile.swift in Sources */ = {isa = PBXBuildFile; fileRef = CE4618CE2456F46B00F10E2E /* Tile.swift */; };
		CECB986E2456F6B100919CA0 /* GridRow.swift in Sources */ = {isa = PBXBuildFile; fileRef = CECB986D2456F6B100919CA0 /* GridRow.swift */; };
		CEDCD2412456FF2B004C9312 /* SnakeGridViewModel.swift in Sources */ = {isa = PBXBuildFile; fileRef = CEDCD2402456FF2B004C9312 /* SnakeGridViewModel.swift */; };
		CEDCD243245702BE004C9312 /* SnakeGame.swift in Sources */ = {isa = PBXBuildFile; fileRef = CEDCD242245702BE004C9312 /* SnakeGame.swift */; };
		CEE43A0C245729BB00FEB360 /* InputSource.swift in Sources */ = {isa = PBXBuildFile; fileRef = CEE43A0B245729BB00FEB360 /* InputSource.swift */; };
		CEE43A0E24572AFE00FEB360 /* RandomInput.swift in Sources */ = {isa = PBXBuildFile; fileRef = CEE43A0D24572AFE00FEB360 /* RandomInput.swift */; };
		CEE43A102457458400FEB360 /* UserInput.swift in Sources */ = {isa = PBXBuildFile; fileRef = CEE43A0F2457458400FEB360 /* UserInput.swift */; };
/* End PBXBuildFile section */

/* Begin PBXFileReference section */
		CE4618B82456F39800F10E2E /* SnakeGame.app */ = {isa = PBXFileReference; explicitFileType = wrapper.application; includeInIndex = 0; path = SnakeGame.app; sourceTree = BUILT_PRODUCTS_DIR; };
		CE4618BB2456F39800F10E2E /* AppDelegate.swift */ = {isa = PBXFileReference; lastKnownFileType = sourcecode.swift; path = AppDelegate.swift; sourceTree = "<group>"; };
		CE4618BD2456F39800F10E2E /* SnakeGridView.swift */ = {isa = PBXFileReference; lastKnownFileType = sourcecode.swift; path = SnakeGridView.swift; sourceTree = "<group>"; };
		CE4618BF2456F39900F10E2E /* Assets.xcassets */ = {isa = PBXFileReference; lastKnownFileType = folder.assetcatalog; path = Assets.xcassets; sourceTree = "<group>"; };
		CE4618C22456F39900F10E2E /* Preview Assets.xcassets */ = {isa = PBXFileReference; lastKnownFileType = folder.assetcatalog; path = "Preview Assets.xcassets"; sourceTree = "<group>"; };
		CE4618C52456F39900F10E2E /* Base */ = {isa = PBXFileReference; lastKnownFileType = file.storyboard; name = Base; path = Base.lproj/Main.storyboard; sourceTree = "<group>"; };
		CE4618C72456F39900F10E2E /* Info.plist */ = {isa = PBXFileReference; lastKnownFileType = text.plist.xml; path = Info.plist; sourceTree = "<group>"; };
		CE4618C82456F39900F10E2E /* SnakeGame.entitlements */ = {isa = PBXFileReference; lastKnownFileType = text.plist.entitlements; path = SnakeGame.entitlements; sourceTree = "<group>"; };
		CE4618CE2456F46B00F10E2E /* Tile.swift */ = {isa = PBXFileReference; lastKnownFileType = sourcecode.swift; path = Tile.swift; sourceTree = "<group>"; };
		CECB986D2456F6B100919CA0 /* GridRow.swift */ = {isa = PBXFileReference; lastKnownFileType = sourcecode.swift; path = GridRow.swift; sourceTree = "<group>"; };
		CEDCD2402456FF2B004C9312 /* SnakeGridViewModel.swift */ = {isa = PBXFileReference; lastKnownFileType = sourcecode.swift; path = SnakeGridViewModel.swift; sourceTree = "<group>"; };
		CEDCD242245702BE004C9312 /* SnakeGame.swift */ = {isa = PBXFileReference; lastKnownFileType = sourcecode.swift; path = SnakeGame.swift; sourceTree = "<group>"; };
		CEE43A0B245729BB00FEB360 /* InputSource.swift */ = {isa = PBXFileReference; lastKnownFileType = sourcecode.swift; path = InputSource.swift; sourceTree = "<group>"; };
		CEE43A0D24572AFE00FEB360 /* RandomInput.swift */ = {isa = PBXFileReference; lastKnownFileType = sourcecode.swift; path = RandomInput.swift; sourceTree = "<group>"; };
		CEE43A0F2457458400FEB360 /* UserInput.swift */ = {isa = PBXFileReference; lastKnownFileType = sourcecode.swift; path = UserInput.swift; sourceTree = "<group>"; };
/* End PBXFileReference section */

/* Begin PBXFrameworksBuildPhase section */
		CE4618B52456F39800F10E2E /* Frameworks */ = {
			isa = PBXFrameworksBuildPhase;
			buildActionMask = 2147483647;
			files = (
			);
			runOnlyForDeploymentPostprocessing = 0;
		};
/* End PBXFrameworksBuildPhase section */

/* Begin PBXGroup section */
		CE4618AF2456F39800F10E2E = {
			isa = PBXGroup;
			children = (
				CE4618BA2456F39800F10E2E /* SnakeGame */,
				CE4618B92456F39800F10E2E /* Products */,
			);
			sourceTree = "<group>";
		};
		CE4618B92456F39800F10E2E /* Products */ = {
			isa = PBXGroup;
			children = (
				CE4618B82456F39800F10E2E /* SnakeGame.app */,
			);
			name = Products;
			sourceTree = "<group>";
		};
		CE4618BA2456F39800F10E2E /* SnakeGame */ = {
			isa = PBXGroup;
			children = (
				CE4618BB2456F39800F10E2E /* AppDelegate.swift */,
				CE4618CE2456F46B00F10E2E /* Tile.swift */,
				CECB986D2456F6B100919CA0 /* GridRow.swift */,
				CE4618BD2456F39800F10E2E /* SnakeGridView.swift */,
				CEDCD2402456FF2B004C9312 /* SnakeGridViewModel.swift */,
				CEDCD242245702BE004C9312 /* SnakeGame.swift */,
				CEE43A0B245729BB00FEB360 /* InputSource.swift */,
				CEE43A0D24572AFE00FEB360 /* RandomInput.swift */,
				CEE43A0F2457458400FEB360 /* UserInput.swift */,
				CE4618BF2456F39900F10E2E /* Assets.xcassets */,
				CE4618C42456F39900F10E2E /* Main.storyboard */,
				CE4618C72456F39900F10E2E /* Info.plist */,
				CE4618C82456F39900F10E2E /* SnakeGame.entitlements */,
				CE4618C12456F39900F10E2E /* Preview Content */,
			);
			path = SnakeGame;
			sourceTree = "<group>";
		};
		CE4618C12456F39900F10E2E /* Preview Content */ = {
			isa = PBXGroup;
			children = (
				CE4618C22456F39900F10E2E /* Preview Assets.xcassets */,
			);
			path = "Preview Content";
			sourceTree = "<group>";
		};
/* End PBXGroup section */

/* Begin PBXNativeTarget section */
		CE4618B72456F39800F10E2E /* SnakeGame */ = {
			isa = PBXNativeTarget;
			buildConfigurationList = CE4618CB2456F39900F10E2E /* Build configuration list for PBXNativeTarget "SnakeGame" */;
			buildPhases = (
				CE4618B42456F39800F10E2E /* Sources */,
				CE4618B52456F39800F10E2E /* Frameworks */,
				CE4618B62456F39800F10E2E /* Resources */,
			);
			buildRules = (
			);
			dependencies = (
			);
			name = SnakeGame;
			productName = SnakeGame;
			productReference = CE4618B82456F39800F10E2E /* SnakeGame.app */;
			productType = "com.apple.product-type.application";
		};
/* End PBXNativeTarget section */

/* Begin PBXProject section */
		CE4618B02456F39800F10E2E /* Project object */ = {
			isa = PBXProject;
			attributes = {
				LastSwiftUpdateCheck = 1130;
				LastUpgradeCheck = 1130;
				ORGANIZATIONNAME = Jenci;
				TargetAttributes = {
					CE4618B72456F39800F10E2E = {
						CreatedOnToolsVersion = 11.3.1;
					};
				};
			};
			buildConfigurationList = CE4618B32456F39800F10E2E /* Build configuration list for PBXProject "SnakeGame" */;
			compatibilityVersion = "Xcode 9.3";
			developmentRegion = en;
			hasScannedForEncodings = 0;
			knownRegions = (
				en,
				Base,
			);
			mainGroup = CE4618AF2456F39800F10E2E;
			productRefGroup = CE4618B92456F39800F10E2E /* Products */;
			projectDirPath = "";
			projectRoot = "";
			targets = (
				CE4618B72456F39800F10E2E /* SnakeGame */,
			);
		};
/* End PBXProject section */

/* Begin PBXResourcesBuildPhase section */
		CE4618B62456F39800F10E2E /* Resources */ = {
			isa = PBXResourcesBuildPhase;
			buildActionMask = 2147483647;
			files = (
				CE4618C62456F39900F10E2E /* Main.storyboard in Resources */,
				CE4618C32456F39900F10E2E /* Preview Assets.xcassets in Resources */,
				CE4618C02456F39900F10E2E /* Assets.xcassets in Resources */,
			);
			runOnlyForDeploymentPostprocessing = 0;
		};
/* End PBXResourcesBuildPhase section */

/* Begin PBXSourcesBuildPhase section */
		CE4618B42456F39800F10E2E /* Sources */ = {
			isa = PBXSourcesBuildPhase;
			buildActionMask = 2147483647;
			files = (
				CEDCD243245702BE004C9312 /* SnakeGame.swift in Sources */,
				CE4618CF2456F46B00F10E2E /* Tile.swift in Sources */,
				CECB986E2456F6B100919CA0 /* GridRow.swift in Sources */,
				CE4618BE2456F39800F10E2E /* SnakeGridView.swift in Sources */,
				CEDCD2412456FF2B004C9312 /* SnakeGridViewModel.swift in Sources */,
				CEE43A0E24572AFE00FEB360 /* RandomInput.swift in Sources */,
				CE4618BC2456F39800F10E2E /* AppDelegate.swift in Sources */,
				CEE43A102457458400FEB360 /* UserInput.swift in Sources */,
				CEE43A0C245729BB00FEB360 /* InputSource.swift in Sources */,
			);
			runOnlyForDeploymentPostprocessing = 0;
		};
/* End PBXSourcesBuildPhase section */

/* Begin PBXVariantGroup section */
		CE4618C42456F39900F10E2E /* Main.storyboard */ = {
			isa = PBXVariantGroup;
			children = (
				CE4618C52456F39900F10E2E /* Base */,
			);
			name = Main.storyboard;
			sourceTree = "<group>";
		};
/* End PBXVariantGroup section */

/* Begin XCBuildConfiguration section */
		CE4618C92456F39900F10E2E /* Debug */ = {
			isa = XCBuildConfiguration;
			buildSettings = {
				ALWAYS_SEARCH_USER_PATHS = NO;
				CLANG_ANALYZER_NONNULL = YES;
				CLANG_ANALYZER_NUMBER_OBJECT_CONVERSION = YES_AGGRESSIVE;
				CLANG_CXX_LANGUAGE_STANDARD = "gnu++14";
				CLANG_CXX_LIBRARY = "libc++";
				CLANG_ENABLE_MODULES = YES;
				CLANG_ENABLE_OBJC_ARC = YES;
				CLANG_ENABLE_OBJC_WEAK = YES;
				CLANG_WARN_BLOCK_CAPTURE_AUTORELEASING = YES;
				CLANG_WARN_BOOL_CONVERSION = YES;
				CLANG_WARN_COMMA = YES;
				CLANG_WARN_CONSTANT_CONVERSION = YES;
				CLANG_WARN_DEPRECATED_OBJC_IMPLEMENTATIONS = YES;
				CLANG_WARN_DIRECT_OBJC_ISA_USAGE = YES_ERROR;
				CLANG_WARN_DOCUMENTATION_COMMENTS = YES;
				CLANG_WARN_EMPTY_BODY = YES;
				CLANG_WARN_ENUM_CONVERSION = YES;
				CLANG_WARN_INFINITE_RECURSION = YES;
				CLANG_WARN_INT_CONVERSION = YES;
				CLANG_WARN_NON_LITERAL_NULL_CONVERSION = YES;
				CLANG_WARN_OBJC_IMPLICIT_RETAIN_SELF = YES;
				CLANG_WARN_OBJC_LITERAL_CONVERSION = YES;
				CLANG_WARN_OBJC_ROOT_CLASS = YES_ERROR;
				CLANG_WARN_RANGE_LOOP_ANALYSIS = YES;
				CLANG_WARN_STRICT_PROTOTYPES = YES;
				CLANG_WARN_SUSPICIOUS_MOVE = YES;
				CLANG_WARN_UNGUARDED_AVAILABILITY = YES_AGGRESSIVE;
				CLANG_WARN_UNREACHABLE_CODE = YES;
				CLANG_WARN__DUPLICATE_METHOD_MATCH = YES;
				COPY_PHASE_STRIP = NO;
				DEBUG_INFORMATION_FORMAT = dwarf;
				ENABLE_STRICT_OBJC_MSGSEND = YES;
				ENABLE_TESTABILITY = YES;
				GCC_C_LANGUAGE_STANDARD = gnu11;
				GCC_DYNAMIC_NO_PIC = NO;
				GCC_NO_COMMON_BLOCKS = YES;
				GCC_OPTIMIZATION_LEVEL = 0;
				GCC_PREPROCESSOR_DEFINITIONS = (
					"DEBUG=1",
					"$(inherited)",
				);
				GCC_WARN_64_TO_32_BIT_CONVERSION = YES;
				GCC_WARN_ABOUT_RETURN_TYPE = YES_ERROR;
				GCC_WARN_UNDECLARED_SELECTOR = YES;
				GCC_WARN_UNINITIALIZED_AUTOS = YES_AGGRESSIVE;
				GCC_WARN_UNUSED_FUNCTION = YES;
				GCC_WARN_UNUSED_VARIABLE = YES;
				MACOSX_DEPLOYMENT_TARGET = 10.15;
				MTL_ENABLE_DEBUG_INFO = INCLUDE_SOURCE;
				MTL_FAST_MATH = YES;
				ONLY_ACTIVE_ARCH = YES;
				SDKROOT = macosx;
				SWIFT_ACTIVE_COMPILATION_CONDITIONS = DEBUG;
				SWIFT_OPTIMIZATION_LEVEL = "-Onone";
			};
			name = Debug;
		};
		CE4618CA2456F39900F10E2E /* Release */ = {
			isa = XCBuildConfiguration;
			buildSettings = {
				ALWAYS_SEARCH_USER_PATHS = NO;
				CLANG_ANALYZER_NONNULL = YES;
				CLANG_ANALYZER_NUMBER_OBJECT_CONVERSION = YES_AGGRESSIVE;
				CLANG_CXX_LANGUAGE_STANDARD = "gnu++14";
				CLANG_CXX_LIBRARY = "libc++";
				CLANG_ENABLE_MODULES = YES;
				CLANG_ENABLE_OBJC_ARC = YES;
				CLANG_ENABLE_OBJC_WEAK = YES;
				CLANG_WARN_BLOCK_CAPTURE_AUTORELEASING = YES;
				CLANG_WARN_BOOL_CONVERSION = YES;
				CLANG_WARN_COMMA = YES;
				CLANG_WARN_CONSTANT_CONVERSION = YES;
				CLANG_WARN_DEPRECATED_OBJC_IMPLEMENTATIONS = YES;
				CLANG_WARN_DIRECT_OBJC_ISA_USAGE = YES_ERROR;
				CLANG_WARN_DOCUMENTATION_COMMENTS = YES;
				CLANG_WARN_EMPTY_BODY = YES;
				CLANG_WARN_ENUM_CONVERSION = YES;
				CLANG_WARN_INFINITE_RECURSION = YES;
				CLANG_WARN_INT_CONVERSION = YES;
				CLANG_WARN_NON_LITERAL_NULL_CONVERSION = YES;
				CLANG_WARN_OBJC_IMPLICIT_RETAIN_SELF = YES;
				CLANG_WARN_OBJC_LITERAL_CONVERSION = YES;
				CLANG_WARN_OBJC_ROOT_CLASS = YES_ERROR;
				CLANG_WARN_RANGE_LOOP_ANALYSIS = YES;
				CLANG_WARN_STRICT_PROTOTYPES = YES;
				CLANG_WARN_SUSPICIOUS_MOVE = YES;
				CLANG_WARN_UNGUARDED_AVAILABILITY = YES_AGGRESSIVE;
				CLANG_WARN_UNREACHABLE_CODE = YES;
				CLANG_WARN__DUPLICATE_METHOD_MATCH = YES;
				COPY_PHASE_STRIP = NO;
				DEBUG_INFORMATION_FORMAT = "dwarf-with-dsym";
				ENABLE_NS_ASSERTIONS = NO;
				ENABLE_STRICT_OBJC_MSGSEND = YES;
				GCC_C_LANGUAGE_STANDARD = gnu11;
				GCC_NO_COMMON_BLOCKS = YES;
				GCC_WARN_64_TO_32_BIT_CONVERSION = YES;
				GCC_WARN_ABOUT_RETURN_TYPE = YES_ERROR;
				GCC_WARN_UNDECLARED_SELECTOR = YES;
				GCC_WARN_UNINITIALIZED_AUTOS = YES_AGGRESSIVE;
				GCC_WARN_UNUSED_FUNCTION = YES;
				GCC_WARN_UNUSED_VARIABLE = YES;
				MACOSX_DEPLOYMENT_TARGET = 10.15;
				MTL_ENABLE_DEBUG_INFO = NO;
				MTL_FAST_MATH = YES;
				SDKROOT = macosx;
				SWIFT_COMPILATION_MODE = wholemodule;
				SWIFT_OPTIMIZATION_LEVEL = "-O";
			};
			name = Release;
		};
		CE4618CC2456F39900F10E2E /* Debug */ = {
			isa = XCBuildConfiguration;
			buildSettings = {
				ASSETCATALOG_COMPILER_APPICON_NAME = AppIcon;
				CODE_SIGN_ENTITLEMENTS = SnakeGame/SnakeGame.entitlements;
				CODE_SIGN_STYLE = Automatic;
				COMBINE_HIDPI_IMAGES = YES;
				DEVELOPMENT_ASSET_PATHS = "\"SnakeGame/Preview Content\"";
				DEVELOPMENT_TEAM = 4W92454MDD;
				ENABLE_HARDENED_RUNTIME = YES;
				ENABLE_PREVIEWS = YES;
				INFOPLIST_FILE = SnakeGame/Info.plist;
				LD_RUNPATH_SEARCH_PATHS = (
					"$(inherited)",
					"@executable_path/../Frameworks",
				);
				MACOSX_DEPLOYMENT_TARGET = 10.15;
				PRODUCT_BUNDLE_IDENTIFIER = com.jenci.SnakeGame;
				PRODUCT_NAME = "$(TARGET_NAME)";
				SWIFT_VERSION = 5.0;
			};
			name = Debug;
		};
		CE4618CD2456F39900F10E2E /* Release */ = {
			isa = XCBuildConfiguration;
			buildSettings = {
				ASSETCATALOG_COMPILER_APPICON_NAME = AppIcon;
				CODE_SIGN_ENTITLEMENTS = SnakeGame/SnakeGame.entitlements;
				CODE_SIGN_STYLE = Automatic;
				COMBINE_HIDPI_IMAGES = YES;
				DEVELOPMENT_ASSET_PATHS = "\"SnakeGame/Preview Content\"";
				DEVELOPMENT_TEAM = 4W92454MDD;
				ENABLE_HARDENED_RUNTIME = YES;
				ENABLE_PREVIEWS = YES;
				INFOPLIST_FILE = SnakeGame/Info.plist;
				LD_RUNPATH_SEARCH_PATHS = (
					"$(inherited)",
					"@executable_path/../Frameworks",
				);
				MACOSX_DEPLOYMENT_TARGET = 10.15;
				PRODUCT_BUNDLE_IDENTIFIER = com.jenci.SnakeGame;
				PRODUCT_NAME = "$(TARGET_NAME)";
				SWIFT_VERSION = 5.0;
			};
			name = Release;
		};
/* End XCBuildConfiguration section */

/* Begin XCConfigurationList section */
		CE4618B32456F39800F10E2E /* Build configuration list for PBXProject "SnakeGame" */ = {
			isa = XCConfigurationList;
			buildConfigurations = (
				CE4618C92456F39900F10E2E /* Debug */,
				CE4618CA2456F39900F10E2E /* Release */,
			);
			defaultConfigurationIsVisible = 0;
			defaultConfigurationName = Release;
		};
		CE4618CB2456F39900F10E2E /* Build configuration list for PBXNativeTarget "SnakeGame" */ = {
			isa = XCConfigurationList;
			buildConfigurations = (
				CE4618CC2456F39900F10E2E /* Debug */,
				CE4618CD2456F39900F10E2E /* Release */,
			);
			defaultConfigurationIsVisible = 0;
			defaultConfigurationName = Release;
		};
/* End XCConfigurationList section */
	};
	rootObject = CE4618B02456F39800F10E2E /* Project object */;
}
